
Microsoft Visual Studio Solution File, Format Version 12.00
# Visual Studio Version 17
VisualStudioVersion = 17.3.32825.248
MinimumVisualStudioVersion = 10.0.40219.1
Project("{9A19103F-16F7-4668-BE54-9A1E7A4F7556}") = "Bookstore.Service", "Bookstore.Service\Bookstore.Service.csproj", "{022F5BF5-9B1F-4EF7-BB19-7EE407B89CF0}"
EndProject
Project("{9A19103F-16F7-4668-BE54-9A1E7A4F7556}") = "Bookstore.Playground", "..\test\Bookstore.Playground\Bookstore.Playground.csproj", "{0DC54518-D17E-4DD8-96CD-32DD746B1C9A}"
EndProject
Global
	GlobalSection(SolutionConfigurationPlatforms) = preSolution
		Debug|Any CPU = Debug|Any CPU
		Release|Any CPU = Release|Any CPU
	EndGlobalSection
	GlobalSection(ProjectConfigurationPlatforms) = postSolution
		{022F5BF5-9B1F-4EF7-BB19-7EE407B89CF0}.Debug|Any CPU.ActiveCfg = Debug|Any CPU
		{022F5BF5-9B1F-4EF7-BB19-7EE407B89CF0}.Debug|Any CPU.Build.0 = Debug|Any CPU
		{022F5BF5-9B1F-4EF7-BB19-7EE407B89CF0}.Release|Any CPU.ActiveCfg = Release|Any CPU
		{022F5BF5-9B1F-4EF7-BB19-7EE407B89CF0}.Release|Any CPU.Build.0 = Release|Any CPU
		{0DC54518-D17E-4DD8-96CD-32DD746B1C9A}.Debug|Any CPU.ActiveCfg = Debug|Any CPU
		{0DC54518-D17E-4DD8-96CD-32DD746B1C9A}.Debug|Any CPU.Build.0 = Debug|Any CPU
		{0DC54518-D17E-4DD8-96CD-32DD746B1C9A}.Release|Any CPU.ActiveCfg = Release|Any CPU
		{0DC54518-D17E-4DD8-96CD-32DD746B1C9A}.Release|Any CPU.Build.0 = Release|Any CPU
	EndGlobalSection
	GlobalSection(SolutionProperties) = preSolution
		HideSolutionNode = FALSE
	EndGlobalSection
	GlobalSection(ExtensibilityGlobals) = postSolution
		SolutionGuid = {F7D36D16-45A2-4152-9440-3E8B22167674}
	EndGlobalSection
EndGlobal
